// !$*UTF8*$!
{
	archiveVersion = 1;
	classes = {
	};
	objectVersion = 46;
	objects = {

/* Begin PBXBuildFile section */
		BC6A758D1D5C7A4500BC2AD1 /* AppDelegate.swift in Sources */ = {isa = PBXBuildFile; fileRef = BC6A758C1D5C7A4500BC2AD1 /* AppDelegate.swift */; };
		BC6A758F1D5C7A4500BC2AD1 /* ViewController.swift in Sources */ = {isa = PBXBuildFile; fileRef = BC6A758E1D5C7A4500BC2AD1 /* ViewController.swift */; };
		BC6A75921D5C7A4600BC2AD1 /* Main.storyboard in Resources */ = {isa = PBXBuildFile; fileRef = BC6A75901D5C7A4600BC2AD1 /* Main.storyboard */; };
		BC6A75941D5C7A4600BC2AD1 /* Assets.xcassets in Resources */ = {isa = PBXBuildFile; fileRef = BC6A75931D5C7A4600BC2AD1 /* Assets.xcassets */; };
		BC6A75971D5C7A4600BC2AD1 /* LaunchScreen.storyboard in Resources */ = {isa = PBXBuildFile; fileRef = BC6A75951D5C7A4600BC2AD1 /* LaunchScreen.storyboard */; };
		BC6A75A21D5C7A4600BC2AD1 /* TestLimitTests.swift in Sources */ = {isa = PBXBuildFile; fileRef = BC6A75A11D5C7A4600BC2AD1 /* TestLimitTests.swift */; };
		BC6A75AD1D5C7A4600BC2AD1 /* TestLimitUITests.swift in Sources */ = {isa = PBXBuildFile; fileRef = BC6A75AC1D5C7A4600BC2AD1 /* TestLimitUITests.swift */; };
/* End PBXBuildFile section */

/* Begin PBXContainerItemProxy section */
		BC6A759E1D5C7A4600BC2AD1 /* PBXContainerItemProxy */ = {
			isa = PBXContainerItemProxy;
			containerPortal = BC6A75811D5C7A4500BC2AD1 /* Project object */;
			proxyType = 1;
			remoteGlobalIDString = BC6A75881D5C7A4500BC2AD1;
			remoteInfo = TestLimit;
		};
		BC6A75A91D5C7A4600BC2AD1 /* PBXContainerItemProxy */ = {
			isa = PBXContainerItemProxy;
			containerPortal = BC6A75811D5C7A4500BC2AD1 /* Project object */;
			proxyType = 1;
			remoteGlobalIDString = BC6A75881D5C7A4500BC2AD1;
			remoteInfo = TestLimit;
		};
/* End PBXContainerItemProxy section */

/* Begin PBXFileReference section */
		BC6A75891D5C7A4500BC2AD1 /* TestLimit.app */ = {isa = PBXFileReference; explicitFileType = wrapper.application; includeInIndex = 0; path = TestLimit.app; sourceTree = BUILT_PRODUCTS_DIR; };
		BC6A758C1D5C7A4500BC2AD1 /* AppDelegate.swift */ = {isa = PBXFileReference; lastKnownFileType = sourcecode.swift; path = AppDelegate.swift; sourceTree = "<group>"; };
		BC6A758E1D5C7A4500BC2AD1 /* ViewController.swift */ = {isa = PBXFileReference; lastKnownFileType = sourcecode.swift; path = ViewController.swift; sourceTree = "<group>"; };
		BC6A75911D5C7A4600BC2AD1 /* Base */ = {isa = PBXFileReference; lastKnownFileType = file.storyboard; name = Base; path = Base.lproj/Main.storyboard; sourceTree = "<group>"; };
		BC6A75931D5C7A4600BC2AD1 /* Assets.xcassets */ = {isa = PBXFileReference; lastKnownFileType = folder.assetcatalog; path = Assets.xcassets; sourceTree = "<group>"; };
		BC6A75961D5C7A4600BC2AD1 /* Base */ = {isa = PBXFileReference; lastKnownFileType = file.storyboard; name = Base; path = Base.lproj/LaunchScreen.storyboard; sourceTree = "<group>"; };
		BC6A75981D5C7A4600BC2AD1 /* Info.plist */ = {isa = PBXFileReference; lastKnownFileType = text.plist.xml; path = Info.plist; sourceTree = "<group>"; };
		BC6A759D1D5C7A4600BC2AD1 /* TestLimitTests.xctest */ = {isa = PBXFileReference; explicitFileType = wrapper.cfbundle; includeInIndex = 0; path = TestLimitTests.xctest; sourceTree = BUILT_PRODUCTS_DIR; };
		BC6A75A11D5C7A4600BC2AD1 /* TestLimitTests.swift */ = {isa = PBXFileReference; lastKnownFileType = sourcecode.swift; path = TestLimitTests.swift; sourceTree = "<group>"; };
		BC6A75A31D5C7A4600BC2AD1 /* Info.plist */ = {isa = PBXFileReference; lastKnownFileType = text.plist.xml; path = Info.plist; sourceTree = "<group>"; };
		BC6A75A81D5C7A4600BC2AD1 /* TestLimitUITests.xctest */ = {isa = PBXFileReference; explicitFileType = wrapper.cfbundle; includeInIndex = 0; path = TestLimitUITests.xctest; sourceTree = BUILT_PRODUCTS_DIR; };
		BC6A75AC1D5C7A4600BC2AD1 /* TestLimitUITests.swift */ = {isa = PBXFileReference; lastKnownFileType = sourcecode.swift; path = TestLimitUITests.swift; sourceTree = "<group>"; };
		BC6A75AE1D5C7A4600BC2AD1 /* Info.plist */ = {isa = PBXFileReference; lastKnownFileType = text.plist.xml; path = Info.plist; sourceTree = "<group>"; };
/* End PBXFileReference section */

/* Begin PBXFrameworksBuildPhase section */
		BC6A75861D5C7A4500BC2AD1 /* Frameworks */ = {
			isa = PBXFrameworksBuildPhase;
			buildActionMask = 2147483647;
			files = (
			);
			runOnlyForDeploymentPostprocessing = 0;
		};
		BC6A759A1D5C7A4600BC2AD1 /* Frameworks */ = {
			isa = PBXFrameworksBuildPhase;
			buildActionMask = 2147483647;
			files = (
			);
			runOnlyForDeploymentPostprocessing = 0;
		};
		BC6A75A51D5C7A4600BC2AD1 /* Frameworks */ = {
			isa = PBXFrameworksBuildPhase;
			buildActionMask = 2147483647;
			files = (
			);
			runOnlyForDeploymentPostprocessing = 0;
		};
/* End PBXFrameworksBuildPhase section */

/* Begin PBXGroup section */
		BC6A75801D5C7A4500BC2AD1 = {
			isa = PBXGroup;
			children = (
				BC6A758B1D5C7A4500BC2AD1 /* TestLimit */,
				BC6A75A01D5C7A4600BC2AD1 /* TestLimitTests */,
				BC6A75AB1D5C7A4600BC2AD1 /* TestLimitUITests */,
				BC6A758A1D5C7A4500BC2AD1 /* Products */,
			);
			sourceTree = "<group>";
		};
		BC6A758A1D5C7A4500BC2AD1 /* Products */ = {
			isa = PBXGroup;
			children = (
				BC6A75891D5C7A4500BC2AD1 /* TestLimit.app */,
				BC6A759D1D5C7A4600BC2AD1 /* TestLimitTests.xctest */,
				BC6A75A81D5C7A4600BC2AD1 /* TestLimitUITests.xctest */,
			);
			name = Products;
			sourceTree = "<group>";
		};
		BC6A758B1D5C7A4500BC2AD1 /* TestLimit */ = {
			isa = PBXGroup;
			children = (
				BC6A758C1D5C7A4500BC2AD1 /* AppDelegate.swift */,
				BC6A758E1D5C7A4500BC2AD1 /* ViewController.swift */,
				BC6A75901D5C7A4600BC2AD1 /* Main.storyboard */,
				BC6A75931D5C7A4600BC2AD1 /* Assets.xcassets */,
				BC6A75951D5C7A4600BC2AD1 /* LaunchScreen.storyboard */,
				BC6A75981D5C7A4600BC2AD1 /* Info.plist */,
			);
			path = TestLimit;
			sourceTree = "<group>";
		};
		BC6A75A01D5C7A4600BC2AD1 /* TestLimitTests */ = {
			isa = PBXGroup;
			children = (
				BC6A75A11D5C7A4600BC2AD1 /* TestLimitTests.swift */,
				BC6A75A31D5C7A4600BC2AD1 /* Info.plist */,
			);
			path = TestLimitTests;
			sourceTree = "<group>";
		};
		BC6A75AB1D5C7A4600BC2AD1 /* TestLimitUITests */ = {
			isa = PBXGroup;
			children = (
				BC6A75AC1D5C7A4600BC2AD1 /* TestLimitUITests.swift */,
				BC6A75AE1D5C7A4600BC2AD1 /* Info.plist */,
			);
			path = TestLimitUITests;
			sourceTree = "<group>";
		};
/* End PBXGroup section */

/* Begin PBXNativeTarget section */
		BC6A75881D5C7A4500BC2AD1 /* TestLimit */ = {
			isa = PBXNativeTarget;
			buildConfigurationList = BC6A75B11D5C7A4600BC2AD1 /* Build configuration list for PBXNativeTarget "TestLimit" */;
			buildPhases = (
				BC6A75851D5C7A4500BC2AD1 /* Sources */,
				BC6A75861D5C7A4500BC2AD1 /* Frameworks */,
				BC6A75871D5C7A4500BC2AD1 /* Resources */,
			);
			buildRules = (
			);
			dependencies = (
			);
			name = TestLimit;
			productName = TestLimit;
			productReference = BC6A75891D5C7A4500BC2AD1 /* TestLimit.app */;
			productType = "com.apple.product-type.application";
		};
		BC6A759C1D5C7A4600BC2AD1 /* TestLimitTests */ = {
			isa = PBXNativeTarget;
			buildConfigurationList = BC6A75B41D5C7A4600BC2AD1 /* Build configuration list for PBXNativeTarget "TestLimitTests" */;
			buildPhases = (
				BC6A75991D5C7A4600BC2AD1 /* Sources */,
				BC6A759A1D5C7A4600BC2AD1 /* Frameworks */,
				BC6A759B1D5C7A4600BC2AD1 /* Resources */,
			);
			buildRules = (
			);
			dependencies = (
				BC6A759F1D5C7A4600BC2AD1 /* PBXTargetDependency */,
			);
			name = TestLimitTests;
			productName = TestLimitTests;
			productReference = BC6A759D1D5C7A4600BC2AD1 /* TestLimitTests.xctest */;
			productType = "com.apple.product-type.bundle.unit-test";
		};
		BC6A75A71D5C7A4600BC2AD1 /* TestLimitUITests */ = {
			isa = PBXNativeTarget;
			buildConfigurationList = BC6A75B71D5C7A4600BC2AD1 /* Build configuration list for PBXNativeTarget "TestLimitUITests" */;
			buildPhases = (
				BC6A75A41D5C7A4600BC2AD1 /* Sources */,
				BC6A75A51D5C7A4600BC2AD1 /* Frameworks */,
				BC6A75A61D5C7A4600BC2AD1 /* Resources */,
			);
			buildRules = (
			);
			dependencies = (
				BC6A75AA1D5C7A4600BC2AD1 /* PBXTargetDependency */,
			);
			name = TestLimitUITests;
			productName = TestLimitUITests;
			productReference = BC6A75A81D5C7A4600BC2AD1 /* TestLimitUITests.xctest */;
			productType = "com.apple.product-type.bundle.ui-testing";
		};
/* End PBXNativeTarget section */

/* Begin PBXProject section */
		BC6A75811D5C7A4500BC2AD1 /* Project object */ = {
			isa = PBXProject;
			attributes = {
				LastSwiftUpdateCheck = 0730;
				LastUpgradeCheck = 0730;
				ORGANIZATIONNAME = t;
				TargetAttributes = {
					BC6A75881D5C7A4500BC2AD1 = {
						CreatedOnToolsVersion = 7.3.1;
					};
					BC6A759C1D5C7A4600BC2AD1 = {
						CreatedOnToolsVersion = 7.3.1;
						TestTargetID = BC6A75881D5C7A4500BC2AD1;
					};
					BC6A75A71D5C7A4600BC2AD1 = {
						CreatedOnToolsVersion = 7.3.1;
						TestTargetID = BC6A75881D5C7A4500BC2AD1;
					};
				};
			};
			buildConfigurationList = BC6A75841D5C7A4500BC2AD1 /* Build configuration list for PBXProject "TestLimit" */;
			compatibilityVersion = "Xcode 3.2";
			developmentRegion = English;
			hasScannedForEncodings = 0;
			knownRegions = (
				en,
				Base,
			);
			mainGroup = BC6A75801D5C7A4500BC2AD1;
			productRefGroup = BC6A758A1D5C7A4500BC2AD1 /* Products */;
			projectDirPath = "";
			projectRoot = "";
			targets = (
				BC6A75881D5C7A4500BC2AD1 /* TestLimit */,
				BC6A759C1D5C7A4600BC2AD1 /* TestLimitTests */,
				BC6A75A71D5C7A4600BC2AD1 /* TestLimitUITests */,
			);
		};
/* End PBXProject section */

/* Begin PBXResourcesBuildPhase section */
		BC6A75871D5C7A4500BC2AD1 /* Resources */ = {
			isa = PBXResourcesBuildPhase;
			buildActionMask = 2147483647;
			files = (
				BC6A75971D5C7A4600BC2AD1 /* LaunchScreen.storyboard in Resources */,
				BC6A75941D5C7A4600BC2AD1 /* Assets.xcassets in Resources */,
				BC6A75921D5C7A4600BC2AD1 /* Main.storyboard in Resources */,
			);
			runOnlyForDeploymentPostprocessing = 0;
		};
		BC6A759B1D5C7A4600BC2AD1 /* Resources */ = {
			isa = PBXResourcesBuildPhase;
			buildActionMask = 2147483647;
			files = (
			);
			runOnlyForDeploymentPostprocessing = 0;
		};
		BC6A75A61D5C7A4600BC2AD1 /* Resources */ = {
			isa = PBXResourcesBuildPhase;
			buildActionMask = 2147483647;
			files = (
			);
			runOnlyForDeploymentPostprocessing = 0;
		};
/* End PBXResourcesBuildPhase section */

/* Begin PBXSourcesBuildPhase section */
		BC6A75851D5C7A4500BC2AD1 /* Sources */ = {
			isa = PBXSourcesBuildPhase;
			buildActionMask = 2147483647;
			files = (
				BC6A758F1D5C7A4500BC2AD1 /* ViewController.swift in Sources */,
				BC6A758D1D5C7A4500BC2AD1 /* AppDelegate.swift in Sources */,
			);
			runOnlyForDeploymentPostprocessing = 0;
		};
		BC6A75991D5C7A4600BC2AD1 /* Sources */ = {
			isa = PBXSourcesBuildPhase;
			buildActionMask = 2147483647;
			files = (
				BC6A75A21D5C7A4600BC2AD1 /* TestLimitTests.swift in Sources */,
			);
			runOnlyForDeploymentPostprocessing = 0;
		};
		BC6A75A41D5C7A4600BC2AD1 /* Sources */ = {
			isa = PBXSourcesBuildPhase;
			buildActionMask = 2147483647;
			files = (
				BC6A75AD1D5C7A4600BC2AD1 /* TestLimitUITests.swift in Sources */,
			);
			runOnlyForDeploymentPostprocessing = 0;
		};
/* End PBXSourcesBuildPhase section */

/* Begin PBXTargetDependency section */
		BC6A759F1D5C7A4600BC2AD1 /* PBXTargetDependency */ = {
			isa = PBXTargetDependency;
			target = BC6A75881D5C7A4500BC2AD1 /* TestLimit */;
			targetProxy = BC6A759E1D5C7A4600BC2AD1 /* PBXContainerItemProxy */;
		};
		BC6A75AA1D5C7A4600BC2AD1 /* PBXTargetDependency */ = {
			isa = PBXTargetDependency;
			target = BC6A75881D5C7A4500BC2AD1 /* TestLimit */;
			targetProxy = BC6A75A91D5C7A4600BC2AD1 /* PBXContainerItemProxy */;
		};
/* End PBXTargetDependency section */

/* Begin PBXVariantGroup section */
		BC6A75901D5C7A4600BC2AD1 /* Main.storyboard */ = {
			isa = PBXVariantGroup;
			children = (
				BC6A75911D5C7A4600BC2AD1 /* Base */,
			);
			name = Main.storyboard;
			sourceTree = "<group>";
		};
		BC6A75951D5C7A4600BC2AD1 /* LaunchScreen.storyboard */ = {
			isa = PBXVariantGroup;
			children = (
				BC6A75961D5C7A4600BC2AD1 /* Base */,
			);
			name = LaunchScreen.storyboard;
			sourceTree = "<group>";
		};
/* End PBXVariantGroup section */

/* Begin XCBuildConfiguration section */
		BC6A75AF1D5C7A4600BC2AD1 /* Debug */ = {
			isa = XCBuildConfiguration;
			buildSettings = {
				ALWAYS_SEARCH_USER_PATHS = NO;
				CLANG_ANALYZER_NONNULL = YES;
				CLANG_CXX_LANGUAGE_STANDARD = "gnu++0x";
				CLANG_CXX_LIBRARY = "libc++";
				CLANG_ENABLE_MODULES = YES;
				CLANG_ENABLE_OBJC_ARC = YES;
				CLANG_WARN_BOOL_CONVERSION = YES;
				CLANG_WARN_CONSTANT_CONVERSION = YES;
				CLANG_WARN_DIRECT_OBJC_ISA_USAGE = YES_ERROR;
				CLANG_WARN_EMPTY_BODY = YES;
				CLANG_WARN_ENUM_CONVERSION = YES;
				CLANG_WARN_INT_CONVERSION = YES;
				CLANG_WARN_OBJC_ROOT_CLASS = YES_ERROR;
				CLANG_WARN_UNREACHABLE_CODE = YES;
				CLANG_WARN__DUPLICATE_METHOD_MATCH = YES;
				"CODE_SIGN_IDENTITY[sdk=iphoneos*]" = "iPhone Developer";
				COPY_PHASE_STRIP = NO;
				DEBUG_INFORMATION_FORMAT = dwarf;
				ENABLE_STRICT_OBJC_MSGSEND = YES;
				ENABLE_TESTABILITY = YES;
				GCC_C_LANGUAGE_STANDARD = gnu99;
				GCC_DYNAMIC_NO_PIC = NO;
				GCC_NO_COMMON_BLOCKS = YES;
				GCC_OPTIMIZATION_LEVEL = 0;
				GCC_PREPROCESSOR_DEFINITIONS = (
					"DEBUG=1",
					"$(inherited)",
				);
				GCC_WARN_64_TO_32_BIT_CONVERSION = YES;
				GCC_WARN_ABOUT_RETURN_TYPE = YES_ERROR;
				GCC_WARN_UNDECLARED_SELECTOR = YES;
				GCC_WARN_UNINITIALIZED_AUTOS = YES_AGGRESSIVE;
				GCC_WARN_UNUSED_FUNCTION = YES;
				GCC_WARN_UNUSED_VARIABLE = YES;
				IPHONEOS_DEPLOYMENT_TARGET = 9.3;
				MTL_ENABLE_DEBUG_INFO = YES;
				ONLY_ACTIVE_ARCH = YES;
				SDKROOT = iphoneos;
				SWIFT_OPTIMIZATION_LEVEL = "-Onone";
			};
			name = Debug;
		};
		BC6A75B01D5C7A4600BC2AD1 /* Release */ = {
			isa = XCBuildConfiguration;
			buildSettings = {
				ALWAYS_SEARCH_USER_PATHS = NO;
				CLANG_ANALYZER_NONNULL = YES;
				CLANG_CXX_LANGUAGE_STANDARD = "gnu++0x";
				CLANG_CXX_LIBRARY = "libc++";
				CLANG_ENABLE_MODULES = YES;
				CLANG_ENABLE_OBJC_ARC = YES;
				CLANG_WARN_BOOL_CONVERSION = YES;
				CLANG_WARN_CONSTANT_CONVERSION = YES;
				CLANG_WARN_DIRECT_OBJC_ISA_USAGE = YES_ERROR;
				CLANG_WARN_EMPTY_BODY = YES;
				CLANG_WARN_ENUM_CONVERSION = YES;
				CLANG_WARN_INT_CONVERSION = YES;
				CLANG_WARN_OBJC_ROOT_CLASS = YES_ERROR;
				CLANG_WARN_UNREACHABLE_CODE = YES;
				CLANG_WARN__DUPLICATE_METHOD_MATCH = YES;
				"CODE_SIGN_IDENTITY[sdk=iphoneos*]" = "iPhone Developer";
				COPY_PHASE_STRIP = NO;
				DEBUG_INFORMATION_FORMAT = "dwarf-with-dsym";
				ENABLE_NS_ASSERTIONS = NO;
				ENABLE_STRICT_OBJC_MSGSEND = YES;
				GCC_C_LANGUAGE_STANDARD = gnu99;
				GCC_NO_COMMON_BLOCKS = YES;
				GCC_WARN_64_TO_32_BIT_CONVERSION = YES;
				GCC_WARN_ABOUT_RETURN_TYPE = YES_ERROR;
				GCC_WARN_UNDECLARED_SELECTOR = YES;
				GCC_WARN_UNINITIALIZED_AUTOS = YES_AGGRESSIVE;
				GCC_WARN_UNUSED_FUNCTION = YES;
				GCC_WARN_UNUSED_VARIABLE = YES;
				IPHONEOS_DEPLOYMENT_TARGET = 9.3;
				MTL_ENABLE_DEBUG_INFO = NO;
				SDKROOT = iphoneos;
				VALIDATE_PRODUCT = YES;
			};
			name = Release;
		};
		BC6A75B21D5C7A4600BC2AD1 /* Debug */ = {
			isa = XCBuildConfiguration;
			buildSettings = {
				ASSETCATALOG_COMPILER_APPICON_NAME = AppIcon;
				INFOPLIST_FILE = TestLimit/Info.plist;
				LD_RUNPATH_SEARCH_PATHS = "$(inherited) @executable_path/Frameworks";
				PRODUCT_BUNDLE_IDENTIFIER = "-980681359.TestLimit";
				PRODUCT_NAME = "$(TARGET_NAME)";
			};
			name = Debug;
		};
		BC6A75B31D5C7A4600BC2AD1 /* Release */ = {
			isa = XCBuildConfiguration;
			buildSettings = {
				ASSETCATALOG_COMPILER_APPICON_NAME = AppIcon;
				INFOPLIST_FILE = TestLimit/Info.plist;
				LD_RUNPATH_SEARCH_PATHS = "$(inherited) @executable_path/Frameworks";
				PRODUCT_BUNDLE_IDENTIFIER = "-980681359.TestLimit";
				PRODUCT_NAME = "$(TARGET_NAME)";
			};
			name = Release;
		};
		BC6A75B51D5C7A4600BC2AD1 /* Debug */ = {
			isa = XCBuildConfiguration;
			buildSettings = {
				BUNDLE_LOADER = "$(TEST_HOST)";
				INFOPLIST_FILE = TestLimitTests/Info.plist;
				LD_RUNPATH_SEARCH_PATHS = "$(inherited) @executable_path/Frameworks @loader_path/Frameworks";
				PRODUCT_BUNDLE_IDENTIFIER = "-980681359.TestLimitTests";
				PRODUCT_NAME = "$(TARGET_NAME)";
				TEST_HOST = "$(BUILT_PRODUCTS_DIR)/TestLimit.app/TestLimit";
			};
			name = Debug;
		};
		BC6A75B61D5C7A4600BC2AD1 /* Release */ = {
			isa = XCBuildConfiguration;
			buildSettings = {
				BUNDLE_LOADER = "$(TEST_HOST)";
				INFOPLIST_FILE = TestLimitTests/Info.plist;
				LD_RUNPATH_SEARCH_PATHS = "$(inherited) @executable_path/Frameworks @loader_path/Frameworks";
				PRODUCT_BUNDLE_IDENTIFIER = "-980681359.TestLimitTests";
				PRODUCT_NAME = "$(TARGET_NAME)";
				TEST_HOST = "$(BUILT_PRODUCTS_DIR)/TestLimit.app/TestLimit";
			};
			name = Release;
		};
		BC6A75B81D5C7A4600BC2AD1 /* Debug */ = {
			isa = XCBuildConfiguration;
			buildSettings = {
				INFOPLIST_FILE = TestLimitUITests/Info.plist;
				LD_RUNPATH_SEARCH_PATHS = "$(inherited) @executable_path/Frameworks @loader_path/Frameworks";
				PRODUCT_BUNDLE_IDENTIFIER = "-980681359.TestLimitUITests";
				PRODUCT_NAME = "$(TARGET_NAME)";
				TEST_TARGET_NAME = TestLimit;
			};
			name = Debug;
		};
		BC6A75B91D5C7A4600BC2AD1 /* Release */ = {
			isa = XCBuildConfiguration;
			buildSettings = {
				INFOPLIST_FILE = TestLimitUITests/Info.plist;
				LD_RUNPATH_SEARCH_PATHS = "$(inherited) @executable_path/Frameworks @loader_path/Frameworks";
				PRODUCT_BUNDLE_IDENTIFIER = "-980681359.TestLimitUITests";
				PRODUCT_NAME = "$(TARGET_NAME)";
				TEST_TARGET_NAME = TestLimit;
			};
			name = Release;
		};
/* End XCBuildConfiguration section */

/* Begin XCConfigurationList section */
		BC6A75841D5C7A4500BC2AD1 /* Build configuration list for PBXProject "TestLimit" */ = {
			isa = XCConfigurationList;
			buildConfigurations = (
				BC6A75AF1D5C7A4600BC2AD1 /* Debug */,
				BC6A75B01D5C7A4600BC2AD1 /* Release */,
			);
			defaultConfigurationIsVisible = 0;
			defaultConfigurationName = Release;
		};
		BC6A75B11D5C7A4600BC2AD1 /* Build configuration list for PBXNativeTarget "TestLimit" */ = {
			isa = XCConfigurationList;
			buildConfigurations = (
				BC6A75B21D5C7A4600BC2AD1 /* Debug */,
				BC6A75B31D5C7A4600BC2AD1 /* Release */,
			);
			defaultConfigurationIsVisible = 0;
		};
		BC6A75B41D5C7A4600BC2AD1 /* Build configuration list for PBXNativeTarget "TestLimitTests" */ = {
			isa = XCConfigurationList;
			buildConfigurations = (
				BC6A75B51D5C7A4600BC2AD1 /* Debug */,
				BC6A75B61D5C7A4600BC2AD1 /* Release */,
			);
			defaultConfigurationIsVisible = 0;
		};
		BC6A75B71D5C7A4600BC2AD1 /* Build configuration list for PBXNativeTarget "TestLimitUITests" */ = {
			isa = XCConfigurationList;
			buildConfigurations = (
				BC6A75B81D5C7A4600BC2AD1 /* Debug */,
				BC6A75B91D5C7A4600BC2AD1 /* Release */,
			);
			defaultConfigurationIsVisible = 0;
		};
/* End XCConfigurationList section */
	};
	rootObject = BC6A75811D5C7A4500BC2AD1 /* Project object */;
}
